
Microsoft Visual Studio Solution File, Format Version 12.00
# Visual Studio Version 16
VisualStudioVersion = 16.0.30907.101
MinimumVisualStudioVersion = 10.0.40219.1
Project("{FAE04EC0-301F-11D3-BF4B-00C04F79EFBC}") = "GlobalIMCTask", "GlobalIMCTask\GlobalIMCTask.csproj", "{FDBB8DF7-4978-412B-99B5-95508763ACCF}"
EndProject
Global
	GlobalSection(SolutionConfigurationPlatforms) = preSolution
		Debug|Any CPU = Debug|Any CPU
		Release|Any CPU = Release|Any CPU
	EndGlobalSection
	GlobalSection(ProjectConfigurationPlatforms) = postSolution
		{FDBB8DF7-4978-412B-99B5-95508763ACCF}.Debug|Any CPU.ActiveCfg = Debug|Any CPU
		{FDBB8DF7-4978-412B-99B5-95508763ACCF}.Debug|Any CPU.Build.0 = Debug|Any CPU
		{FDBB8DF7-4978-412B-99B5-95508763ACCF}.Release|Any CPU.ActiveCfg = Release|Any CPU
		{FDBB8DF7-4978-412B-99B5-95508763ACCF}.Release|Any CPU.Build.0 = Release|Any CPU
	EndGlobalSection
	GlobalSection(SolutionProperties) = preSolution
		HideSolutionNode = FALSE
	EndGlobalSection
	GlobalSection(ExtensibilityGlobals) = postSolution
		SolutionGuid = {C8B332B6-B933-407A-A75E-507AD6EA58B3}
	EndGlobalSection
EndGlobal
